// !$*UTF8*$!
{
	archiveVersion = 1;
	classes = {
	};
	objectVersion = 46;
	objects = {

/* Begin PBXBuildFile section */
		D457985D19E442EB0068356A /* CoreBluetooth.framework in Frameworks */ = {isa = PBXBuildFile; fileRef = D457985C19E442EB0068356A /* CoreBluetooth.framework */; };
		D457986019E4618A0068356A /* BeaconsTableViewController.m in Sources */ = {isa = PBXBuildFile; fileRef = D457985F19E4618A0068356A /* BeaconsTableViewController.m */; };
		D48B6CE019E5AC0900037FE7 /* UserLocationTableViewCell.m in Sources */ = {isa = PBXBuildFile; fileRef = D48B6CDF19E5AC0900037FE7 /* UserLocationTableViewCell.m */; };
		D49411B719E49EEC00EBCFA4 /* StudentsTableViewController.m in Sources */ = {isa = PBXBuildFile; fileRef = D49411B619E49EEC00EBCFA4 /* StudentsTableViewController.m */; };
		D499C13519E08D6500FAB1A2 /* main.m in Sources */ = {isa = PBXBuildFile; fileRef = D499C13419E08D6500FAB1A2 /* main.m */; };
		D499C13819E08D6500FAB1A2 /* AppDelegate.m in Sources */ = {isa = PBXBuildFile; fileRef = D499C13719E08D6500FAB1A2 /* AppDelegate.m */; };
		D499C13B19E08D6500FAB1A2 /* ViewController.m in Sources */ = {isa = PBXBuildFile; fileRef = D499C13A19E08D6500FAB1A2 /* ViewController.m */; };
		D499C13E19E08D6500FAB1A2 /* Main.storyboard in Resources */ = {isa = PBXBuildFile; fileRef = D499C13C19E08D6500FAB1A2 /* Main.storyboard */; };
		D499C14019E08D6500FAB1A2 /* Images.xcassets in Resources */ = {isa = PBXBuildFile; fileRef = D499C13F19E08D6500FAB1A2 /* Images.xcassets */; };
		D499C14319E08D6500FAB1A2 /* LaunchScreen.xib in Resources */ = {isa = PBXBuildFile; fileRef = D499C14119E08D6500FAB1A2 /* LaunchScreen.xib */; };
		D499C14F19E08D6500FAB1A2 /* BeaconTests.m in Sources */ = {isa = PBXBuildFile; fileRef = D499C14E19E08D6500FAB1A2 /* BeaconTests.m */; };
		D499C15919E0942F00FAB1A2 /* AudioToolbox.framework in Frameworks */ = {isa = PBXBuildFile; fileRef = D499C15819E0942F00FAB1A2 /* AudioToolbox.framework */; };
		D499C15B19E0943700FAB1A2 /* CFNetwork.framework in Frameworks */ = {isa = PBXBuildFile; fileRef = D499C15A19E0943700FAB1A2 /* CFNetwork.framework */; };
		D499C15D19E0943D00FAB1A2 /* CoreGraphics.framework in Frameworks */ = {isa = PBXBuildFile; fileRef = D499C15C19E0943D00FAB1A2 /* CoreGraphics.framework */; };
		D499C15F19E0944400FAB1A2 /* CoreLocation.framework in Frameworks */ = {isa = PBXBuildFile; fileRef = D499C15E19E0944400FAB1A2 /* CoreLocation.framework */; };
		D499C16119E0944C00FAB1A2 /* libz.dylib in Frameworks */ = {isa = PBXBuildFile; fileRef = D499C16019E0944C00FAB1A2 /* libz.dylib */; };
		D499C16319E0945300FAB1A2 /* MobileCoreServices.framework in Frameworks */ = {isa = PBXBuildFile; fileRef = D499C16219E0945300FAB1A2 /* MobileCoreServices.framework */; };
		D499C16519E0945B00FAB1A2 /* QuartzCore.framework in Frameworks */ = {isa = PBXBuildFile; fileRef = D499C16419E0945B00FAB1A2 /* QuartzCore.framework */; };
		D499C16719E0946000FAB1A2 /* Security.framework in Frameworks */ = {isa = PBXBuildFile; fileRef = D499C16619E0946000FAB1A2 /* Security.framework */; };
		D499C16919E0946700FAB1A2 /* StoreKit.framework in Frameworks */ = {isa = PBXBuildFile; fileRef = D499C16819E0946700FAB1A2 /* StoreKit.framework */; };
		D499C16B19E0946F00FAB1A2 /* SystemConfiguration.framework in Frameworks */ = {isa = PBXBuildFile; fileRef = D499C16A19E0946F00FAB1A2 /* SystemConfiguration.framework */; };
		D499C16E19E0A80800FAB1A2 /* Bolts.framework in Frameworks */ = {isa = PBXBuildFile; fileRef = D499C16C19E0A80800FAB1A2 /* Bolts.framework */; };
		D499C16F19E0A80800FAB1A2 /* Parse.framework in Frameworks */ = {isa = PBXBuildFile; fileRef = D499C16D19E0A80800FAB1A2 /* Parse.framework */; };
/* End PBXBuildFile section */

/* Begin PBXContainerItemProxy section */
		D499C14919E08D6500FAB1A2 /* PBXContainerItemProxy */ = {
			isa = PBXContainerItemProxy;
			containerPortal = D499C12719E08D6500FAB1A2 /* Project object */;
			proxyType = 1;
			remoteGlobalIDString = D499C12E19E08D6500FAB1A2;
			remoteInfo = Beacon;
		};
/* End PBXContainerItemProxy section */

/* Begin PBXFileReference section */
		D457985C19E442EB0068356A /* CoreBluetooth.framework */ = {isa = PBXFileReference; lastKnownFileType = wrapper.framework; name = CoreBluetooth.framework; path = System/Library/Frameworks/CoreBluetooth.framework; sourceTree = SDKROOT; };
		D457985E19E4618A0068356A /* BeaconsTableViewController.h */ = {isa = PBXFileReference; fileEncoding = 4; lastKnownFileType = sourcecode.c.h; path = BeaconsTableViewController.h; sourceTree = "<group>"; };
		D457985F19E4618A0068356A /* BeaconsTableViewController.m */ = {isa = PBXFileReference; fileEncoding = 4; lastKnownFileType = sourcecode.c.objc; path = BeaconsTableViewController.m; sourceTree = "<group>"; };
		D48B6CDE19E5AC0900037FE7 /* UserLocationTableViewCell.h */ = {isa = PBXFileReference; fileEncoding = 4; lastKnownFileType = sourcecode.c.h; path = UserLocationTableViewCell.h; sourceTree = "<group>"; };
		D48B6CDF19E5AC0900037FE7 /* UserLocationTableViewCell.m */ = {isa = PBXFileReference; fileEncoding = 4; lastKnownFileType = sourcecode.c.objc; path = UserLocationTableViewCell.m; sourceTree = "<group>"; };
		D49411B519E49EEC00EBCFA4 /* StudentsTableViewController.h */ = {isa = PBXFileReference; fileEncoding = 4; lastKnownFileType = sourcecode.c.h; path = StudentsTableViewController.h; sourceTree = "<group>"; };
		D49411B619E49EEC00EBCFA4 /* StudentsTableViewController.m */ = {isa = PBXFileReference; fileEncoding = 4; lastKnownFileType = sourcecode.c.objc; path = StudentsTableViewController.m; sourceTree = "<group>"; };
		D499C12F19E08D6500FAB1A2 /* Beacon.app */ = {isa = PBXFileReference; explicitFileType = wrapper.application; includeInIndex = 0; path = Beacon.app; sourceTree = BUILT_PRODUCTS_DIR; };
		D499C13319E08D6500FAB1A2 /* Info.plist */ = {isa = PBXFileReference; lastKnownFileType = text.plist.xml; path = Info.plist; sourceTree = "<group>"; };
		D499C13419E08D6500FAB1A2 /* main.m */ = {isa = PBXFileReference; lastKnownFileType = sourcecode.c.objc; path = main.m; sourceTree = "<group>"; };
		D499C13619E08D6500FAB1A2 /* AppDelegate.h */ = {isa = PBXFileReference; lastKnownFileType = sourcecode.c.h; path = AppDelegate.h; sourceTree = "<group>"; };
		D499C13719E08D6500FAB1A2 /* AppDelegate.m */ = {isa = PBXFileReference; lastKnownFileType = sourcecode.c.objc; path = AppDelegate.m; sourceTree = "<group>"; };
		D499C13919E08D6500FAB1A2 /* ViewController.h */ = {isa = PBXFileReference; lastKnownFileType = sourcecode.c.h; path = ViewController.h; sourceTree = "<group>"; };
		D499C13A19E08D6500FAB1A2 /* ViewController.m */ = {isa = PBXFileReference; lastKnownFileType = sourcecode.c.objc; path = ViewController.m; sourceTree = "<group>"; };
		D499C13D19E08D6500FAB1A2 /* Base */ = {isa = PBXFileReference; lastKnownFileType = file.storyboard; name = Base; path = Base.lproj/Main.storyboard; sourceTree = "<group>"; };
		D499C13F19E08D6500FAB1A2 /* Images.xcassets */ = {isa = PBXFileReference; lastKnownFileType = folder.assetcatalog; path = Images.xcassets; sourceTree = "<group>"; };
		D499C14219E08D6500FAB1A2 /* Base */ = {isa = PBXFileReference; lastKnownFileType = file.xib; name = Base; path = Base.lproj/LaunchScreen.xib; sourceTree = "<group>"; };
		D499C14819E08D6500FAB1A2 /* BeaconTests.xctest */ = {isa = PBXFileReference; explicitFileType = wrapper.cfbundle; includeInIndex = 0; path = BeaconTests.xctest; sourceTree = BUILT_PRODUCTS_DIR; };
		D499C14D19E08D6500FAB1A2 /* Info.plist */ = {isa = PBXFileReference; lastKnownFileType = text.plist.xml; path = Info.plist; sourceTree = "<group>"; };
		D499C14E19E08D6500FAB1A2 /* BeaconTests.m */ = {isa = PBXFileReference; lastKnownFileType = sourcecode.c.objc; path = BeaconTests.m; sourceTree = "<group>"; };
		D499C15819E0942F00FAB1A2 /* AudioToolbox.framework */ = {isa = PBXFileReference; lastKnownFileType = wrapper.framework; name = AudioToolbox.framework; path = System/Library/Frameworks/AudioToolbox.framework; sourceTree = SDKROOT; };
		D499C15A19E0943700FAB1A2 /* CFNetwork.framework */ = {isa = PBXFileReference; lastKnownFileType = wrapper.framework; name = CFNetwork.framework; path = System/Library/Frameworks/CFNetwork.framework; sourceTree = SDKROOT; };
		D499C15C19E0943D00FAB1A2 /* CoreGraphics.framework */ = {isa = PBXFileReference; lastKnownFileType = wrapper.framework; name = CoreGraphics.framework; path = System/Library/Frameworks/CoreGraphics.framework; sourceTree = SDKROOT; };
		D499C15E19E0944400FAB1A2 /* CoreLocation.framework */ = {isa = PBXFileReference; lastKnownFileType = wrapper.framework; name = CoreLocation.framework; path = System/Library/Frameworks/CoreLocation.framework; sourceTree = SDKROOT; };
		D499C16019E0944C00FAB1A2 /* libz.dylib */ = {isa = PBXFileReference; lastKnownFileType = "compiled.mach-o.dylib"; name = libz.dylib; path = usr/lib/libz.dylib; sourceTree = SDKROOT; };
		D499C16219E0945300FAB1A2 /* MobileCoreServices.framework */ = {isa = PBXFileReference; lastKnownFileType = wrapper.framework; name = MobileCoreServices.framework; path = System/Library/Frameworks/MobileCoreServices.framework; sourceTree = SDKROOT; };
		D499C16419E0945B00FAB1A2 /* QuartzCore.framework */ = {isa = PBXFileReference; lastKnownFileType = wrapper.framework; name = QuartzCore.framework; path = System/Library/Frameworks/QuartzCore.framework; sourceTree = SDKROOT; };
		D499C16619E0946000FAB1A2 /* Security.framework */ = {isa = PBXFileReference; lastKnownFileType = wrapper.framework; name = Security.framework; path = System/Library/Frameworks/Security.framework; sourceTree = SDKROOT; };
		D499C16819E0946700FAB1A2 /* StoreKit.framework */ = {isa = PBXFileReference; lastKnownFileType = wrapper.framework; name = StoreKit.framework; path = System/Library/Frameworks/StoreKit.framework; sourceTree = SDKROOT; };
		D499C16A19E0946F00FAB1A2 /* SystemConfiguration.framework */ = {isa = PBXFileReference; lastKnownFileType = wrapper.framework; name = SystemConfiguration.framework; path = System/Library/Frameworks/SystemConfiguration.framework; sourceTree = SDKROOT; };
		D499C16C19E0A80800FAB1A2 /* Bolts.framework */ = {isa = PBXFileReference; lastKnownFileType = wrapper.framework; path = Bolts.framework; sourceTree = "<group>"; };
		D499C16D19E0A80800FAB1A2 /* Parse.framework */ = {isa = PBXFileReference; lastKnownFileType = wrapper.framework; path = Parse.framework; sourceTree = "<group>"; };
/* End PBXFileReference section */

/* Begin PBXFrameworksBuildPhase section */
		D499C12C19E08D6500FAB1A2 /* Frameworks */ = {
			isa = PBXFrameworksBuildPhase;
			buildActionMask = 2147483647;
			files = (
				D457985D19E442EB0068356A /* CoreBluetooth.framework in Frameworks */,
				D499C16B19E0946F00FAB1A2 /* SystemConfiguration.framework in Frameworks */,
				D499C16919E0946700FAB1A2 /* StoreKit.framework in Frameworks */,
				D499C16719E0946000FAB1A2 /* Security.framework in Frameworks */,
				D499C16519E0945B00FAB1A2 /* QuartzCore.framework in Frameworks */,
				D499C16319E0945300FAB1A2 /* MobileCoreServices.framework in Frameworks */,
				D499C16119E0944C00FAB1A2 /* libz.dylib in Frameworks */,
				D499C15F19E0944400FAB1A2 /* CoreLocation.framework in Frameworks */,
				D499C15D19E0943D00FAB1A2 /* CoreGraphics.framework in Frameworks */,
				D499C16E19E0A80800FAB1A2 /* Bolts.framework in Frameworks */,
				D499C15B19E0943700FAB1A2 /* CFNetwork.framework in Frameworks */,
				D499C16F19E0A80800FAB1A2 /* Parse.framework in Frameworks */,
				D499C15919E0942F00FAB1A2 /* AudioToolbox.framework in Frameworks */,
			);
			runOnlyForDeploymentPostprocessing = 0;
		};
		D499C14519E08D6500FAB1A2 /* Frameworks */ = {
			isa = PBXFrameworksBuildPhase;
			buildActionMask = 2147483647;
			files = (
			);
			runOnlyForDeploymentPostprocessing = 0;
		};
/* End PBXFrameworksBuildPhase section */

/* Begin PBXGroup section */
		D499C12619E08D6500FAB1A2 = {
			isa = PBXGroup;
			children = (
				D499C13119E08D6500FAB1A2 /* Beacon */,
				D499C14B19E08D6500FAB1A2 /* BeaconTests */,
				D499C13019E08D6500FAB1A2 /* Products */,
			);
			sourceTree = "<group>";
		};
		D499C13019E08D6500FAB1A2 /* Products */ = {
			isa = PBXGroup;
			children = (
				D499C12F19E08D6500FAB1A2 /* Beacon.app */,
				D499C14819E08D6500FAB1A2 /* BeaconTests.xctest */,
			);
			name = Products;
			sourceTree = "<group>";
		};
		D499C13119E08D6500FAB1A2 /* Beacon */ = {
			isa = PBXGroup;
			children = (
				D499C13619E08D6500FAB1A2 /* AppDelegate.h */,
				D499C13719E08D6500FAB1A2 /* AppDelegate.m */,
				D499C13919E08D6500FAB1A2 /* ViewController.h */,
				D499C13A19E08D6500FAB1A2 /* ViewController.m */,
				D499C13C19E08D6500FAB1A2 /* Main.storyboard */,
				D48B6CDE19E5AC0900037FE7 /* UserLocationTableViewCell.h */,
				D48B6CDF19E5AC0900037FE7 /* UserLocationTableViewCell.m */,
				D49411B519E49EEC00EBCFA4 /* StudentsTableViewController.h */,
				D49411B619E49EEC00EBCFA4 /* StudentsTableViewController.m */,
				D457985E19E4618A0068356A /* BeaconsTableViewController.h */,
				D457985F19E4618A0068356A /* BeaconsTableViewController.m */,
				D499C13F19E08D6500FAB1A2 /* Images.xcassets */,
				D499C14119E08D6500FAB1A2 /* LaunchScreen.xib */,
				D499C17019E0A80F00FAB1A2 /* Frameworks */,
				D499C13219E08D6500FAB1A2 /* Supporting Files */,
			);
			path = Beacon;
			sourceTree = "<group>";
		};
		D499C13219E08D6500FAB1A2 /* Supporting Files */ = {
			isa = PBXGroup;
			children = (
				D499C13319E08D6500FAB1A2 /* Info.plist */,
				D499C13419E08D6500FAB1A2 /* main.m */,
			);
			name = "Supporting Files";
			sourceTree = "<group>";
		};
		D499C14B19E08D6500FAB1A2 /* BeaconTests */ = {
			isa = PBXGroup;
			children = (
				D499C14E19E08D6500FAB1A2 /* BeaconTests.m */,
				D499C14C19E08D6500FAB1A2 /* Supporting Files */,
			);
			path = BeaconTests;
			sourceTree = "<group>";
		};
		D499C14C19E08D6500FAB1A2 /* Supporting Files */ = {
			isa = PBXGroup;
			children = (
				D499C14D19E08D6500FAB1A2 /* Info.plist */,
			);
			name = "Supporting Files";
			sourceTree = "<group>";
		};
		D499C17019E0A80F00FAB1A2 /* Frameworks */ = {
			isa = PBXGroup;
			children = (
				D457985C19E442EB0068356A /* CoreBluetooth.framework */,
				D499C16A19E0946F00FAB1A2 /* SystemConfiguration.framework */,
				D499C16819E0946700FAB1A2 /* StoreKit.framework */,
				D499C16619E0946000FAB1A2 /* Security.framework */,
				D499C16419E0945B00FAB1A2 /* QuartzCore.framework */,
				D499C16219E0945300FAB1A2 /* MobileCoreServices.framework */,
				D499C16019E0944C00FAB1A2 /* libz.dylib */,
				D499C16C19E0A80800FAB1A2 /* Bolts.framework */,
				D499C16D19E0A80800FAB1A2 /* Parse.framework */,
				D499C15E19E0944400FAB1A2 /* CoreLocation.framework */,
				D499C15C19E0943D00FAB1A2 /* CoreGraphics.framework */,
				D499C15A19E0943700FAB1A2 /* CFNetwork.framework */,
				D499C15819E0942F00FAB1A2 /* AudioToolbox.framework */,
			);
			name = Frameworks;
			path = ..;
			sourceTree = "<group>";
		};
/* End PBXGroup section */

/* Begin PBXNativeTarget section */
		D499C12E19E08D6500FAB1A2 /* Beacon */ = {
			isa = PBXNativeTarget;
			buildConfigurationList = D499C15219E08D6500FAB1A2 /* Build configuration list for PBXNativeTarget "Beacon" */;
			buildPhases = (
				D499C12B19E08D6500FAB1A2 /* Sources */,
				D499C12C19E08D6500FAB1A2 /* Frameworks */,
				D499C12D19E08D6500FAB1A2 /* Resources */,
			);
			buildRules = (
			);
			dependencies = (
			);
			name = Beacon;
			productName = Beacon;
			productReference = D499C12F19E08D6500FAB1A2 /* Beacon.app */;
			productType = "com.apple.product-type.application";
		};
		D499C14719E08D6500FAB1A2 /* BeaconTests */ = {
			isa = PBXNativeTarget;
			buildConfigurationList = D499C15519E08D6500FAB1A2 /* Build configuration list for PBXNativeTarget "BeaconTests" */;
			buildPhases = (
				D499C14419E08D6500FAB1A2 /* Sources */,
				D499C14519E08D6500FAB1A2 /* Frameworks */,
				D499C14619E08D6500FAB1A2 /* Resources */,
			);
			buildRules = (
			);
			dependencies = (
				D499C14A19E08D6500FAB1A2 /* PBXTargetDependency */,
			);
			name = BeaconTests;
			productName = BeaconTests;
			productReference = D499C14819E08D6500FAB1A2 /* BeaconTests.xctest */;
			productType = "com.apple.product-type.bundle.unit-test";
		};
/* End PBXNativeTarget section */

/* Begin PBXProject section */
		D499C12719E08D6500FAB1A2 /* Project object */ = {
			isa = PBXProject;
			attributes = {
				LastUpgradeCheck = 0600;
				ORGANIZATIONNAME = "Rob Kunst";
				TargetAttributes = {
					D499C12E19E08D6500FAB1A2 = {
						CreatedOnToolsVersion = 6.0;
						DevelopmentTeam = CQ74745625;
						SystemCapabilities = {
							com.apple.BackgroundModes = {
								enabled = 1;
							};
						};
					};
					D499C14719E08D6500FAB1A2 = {
						CreatedOnToolsVersion = 6.0;
						TestTargetID = D499C12E19E08D6500FAB1A2;
					};
				};
			};
			buildConfigurationList = D499C12A19E08D6500FAB1A2 /* Build configuration list for PBXProject "Beacon" */;
			compatibilityVersion = "Xcode 3.2";
			developmentRegion = English;
			hasScannedForEncodings = 0;
			knownRegions = (
				en,
				Base,
			);
			mainGroup = D499C12619E08D6500FAB1A2;
			productRefGroup = D499C13019E08D6500FAB1A2 /* Products */;
			projectDirPath = "";
			projectRoot = "";
			targets = (
				D499C12E19E08D6500FAB1A2 /* Beacon */,
				D499C14719E08D6500FAB1A2 /* BeaconTests */,
			);
		};
/* End PBXProject section */

/* Begin PBXResourcesBuildPhase section */
		D499C12D19E08D6500FAB1A2 /* Resources */ = {
			isa = PBXResourcesBuildPhase;
			buildActionMask = 2147483647;
			files = (
				D499C13E19E08D6500FAB1A2 /* Main.storyboard in Resources */,
				D499C14319E08D6500FAB1A2 /* LaunchScreen.xib in Resources */,
				D499C14019E08D6500FAB1A2 /* Images.xcassets in Resources */,
			);
			runOnlyForDeploymentPostprocessing = 0;
		};
		D499C14619E08D6500FAB1A2 /* Resources */ = {
			isa = PBXResourcesBuildPhase;
			buildActionMask = 2147483647;
			files = (
			);
			runOnlyForDeploymentPostprocessing = 0;
		};
/* End PBXResourcesBuildPhase section */

/* Begin PBXSourcesBuildPhase section */
		D499C12B19E08D6500FAB1A2 /* Sources */ = {
			isa = PBXSourcesBuildPhase;
			buildActionMask = 2147483647;
			files = (
				D499C13B19E08D6500FAB1A2 /* ViewController.m in Sources */,
				D457986019E4618A0068356A /* BeaconsTableViewController.m in Sources */,
				D49411B719E49EEC00EBCFA4 /* StudentsTableViewController.m in Sources */,
				D499C13819E08D6500FAB1A2 /* AppDelegate.m in Sources */,
				D499C13519E08D6500FAB1A2 /* main.m in Sources */,
				D48B6CE019E5AC0900037FE7 /* UserLocationTableViewCell.m in Sources */,
			);
			runOnlyForDeploymentPostprocessing = 0;
		};
		D499C14419E08D6500FAB1A2 /* Sources */ = {
			isa = PBXSourcesBuildPhase;
			buildActionMask = 2147483647;
			files = (
				D499C14F19E08D6500FAB1A2 /* BeaconTests.m in Sources */,
			);
			runOnlyForDeploymentPostprocessing = 0;
		};
/* End PBXSourcesBuildPhase section */

/* Begin PBXTargetDependency section */
		D499C14A19E08D6500FAB1A2 /* PBXTargetDependency */ = {
			isa = PBXTargetDependency;
			target = D499C12E19E08D6500FAB1A2 /* Beacon */;
			targetProxy = D499C14919E08D6500FAB1A2 /* PBXContainerItemProxy */;
		};
/* End PBXTargetDependency section */

/* Begin PBXVariantGroup section */
		D499C13C19E08D6500FAB1A2 /* Main.storyboard */ = {
			isa = PBXVariantGroup;
			children = (
				D499C13D19E08D6500FAB1A2 /* Base */,
			);
			name = Main.storyboard;
			sourceTree = "<group>";
		};
		D499C14119E08D6500FAB1A2 /* LaunchScreen.xib */ = {
			isa = PBXVariantGroup;
			children = (
				D499C14219E08D6500FAB1A2 /* Base */,
			);
			name = LaunchScreen.xib;
			sourceTree = "<group>";
		};
/* End PBXVariantGroup section */

/* Begin XCBuildConfiguration section */
		D499C15019E08D6500FAB1A2 /* Debug */ = {
			isa = XCBuildConfiguration;
			buildSettings = {
				ALWAYS_SEARCH_USER_PATHS = NO;
				CLANG_CXX_LANGUAGE_STANDARD = "gnu++0x";
				CLANG_CXX_LIBRARY = "libc++";
				CLANG_ENABLE_MODULES = YES;
				CLANG_ENABLE_OBJC_ARC = YES;
				CLANG_WARN_BOOL_CONVERSION = YES;
				CLANG_WARN_CONSTANT_CONVERSION = YES;
				CLANG_WARN_DIRECT_OBJC_ISA_USAGE = YES_ERROR;
				CLANG_WARN_EMPTY_BODY = YES;
				CLANG_WARN_ENUM_CONVERSION = YES;
				CLANG_WARN_INT_CONVERSION = YES;
				CLANG_WARN_OBJC_ROOT_CLASS = YES_ERROR;
				CLANG_WARN_UNREACHABLE_CODE = YES;
				CLANG_WARN__DUPLICATE_METHOD_MATCH = YES;
				"CODE_SIGN_IDENTITY[sdk=iphoneos*]" = "iPhone Developer";
				COPY_PHASE_STRIP = NO;
				ENABLE_STRICT_OBJC_MSGSEND = YES;
				GCC_C_LANGUAGE_STANDARD = gnu99;
				GCC_DYNAMIC_NO_PIC = NO;
				GCC_OPTIMIZATION_LEVEL = 0;
				GCC_PREPROCESSOR_DEFINITIONS = (
					"DEBUG=1",
					"$(inherited)",
				);
				GCC_SYMBOLS_PRIVATE_EXTERN = NO;
				GCC_WARN_64_TO_32_BIT_CONVERSION = YES;
				GCC_WARN_ABOUT_RETURN_TYPE = YES_ERROR;
				GCC_WARN_UNDECLARED_SELECTOR = YES;
				GCC_WARN_UNINITIALIZED_AUTOS = YES_AGGRESSIVE;
				GCC_WARN_UNUSED_FUNCTION = YES;
				GCC_WARN_UNUSED_VARIABLE = YES;
				IPHONEOS_DEPLOYMENT_TARGET = 8.0;
				MTL_ENABLE_DEBUG_INFO = YES;
				ONLY_ACTIVE_ARCH = YES;
				SDKROOT = iphoneos;
			};
			name = Debug;
		};
		D499C15119E08D6500FAB1A2 /* Release */ = {
			isa = XCBuildConfiguration;
			buildSettings = {
				ALWAYS_SEARCH_USER_PATHS = NO;
				CLANG_CXX_LANGUAGE_STANDARD = "gnu++0x";
				CLANG_CXX_LIBRARY = "libc++";
				CLANG_ENABLE_MODULES = YES;
				CLANG_ENABLE_OBJC_ARC = YES;
				CLANG_WARN_BOOL_CONVERSION = YES;
				CLANG_WARN_CONSTANT_CONVERSION = YES;
				CLANG_WARN_DIRECT_OBJC_ISA_USAGE = YES_ERROR;
				CLANG_WARN_EMPTY_BODY = YES;
				CLANG_WARN_ENUM_CONVERSION = YES;
				CLANG_WARN_INT_CONVERSION = YES;
				CLANG_WARN_OBJC_ROOT_CLASS = YES_ERROR;
				CLANG_WARN_UNREACHABLE_CODE = YES;
				CLANG_WARN__DUPLICATE_METHOD_MATCH = YES;
				"CODE_SIGN_IDENTITY[sdk=iphoneos*]" = "iPhone Developer";
				COPY_PHASE_STRIP = YES;
				ENABLE_NS_ASSERTIONS = NO;
				ENABLE_STRICT_OBJC_MSGSEND = YES;
				GCC_C_LANGUAGE_STANDARD = gnu99;
				GCC_WARN_64_TO_32_BIT_CONVERSION = YES;
				GCC_WARN_ABOUT_RETURN_TYPE = YES_ERROR;
				GCC_WARN_UNDECLARED_SELECTOR = YES;
				GCC_WARN_UNINITIALIZED_AUTOS = YES_AGGRESSIVE;
				GCC_WARN_UNUSED_FUNCTION = YES;
				GCC_WARN_UNUSED_VARIABLE = YES;
				IPHONEOS_DEPLOYMENT_TARGET = 8.0;
				MTL_ENABLE_DEBUG_INFO = NO;
				SDKROOT = iphoneos;
				VALIDATE_PRODUCT = YES;
			};
			name = Release;
		};
		D499C15319E08D6500FAB1A2 /* Debug */ = {
			isa = XCBuildConfiguration;
			buildSettings = {
				ASSETCATALOG_COMPILER_APPICON_NAME = AppIcon;
				CODE_SIGN_IDENTITY = "iPhone Developer";
				"CODE_SIGN_IDENTITY[sdk=iphoneos*]" = "iPhone Developer";
				FRAMEWORK_SEARCH_PATHS = (
					"$(inherited)",
					"$(PROJECT_DIR)",
				);
				INFOPLIST_FILE = Beacon/Info.plist;
				LD_RUNPATH_SEARCH_PATHS = "$(inherited) @executable_path/Frameworks";
				PRODUCT_NAME = "$(TARGET_NAME)";
				PROVISIONING_PROFILE = "";
			};
			name = Debug;
		};
		D499C15419E08D6500FAB1A2 /* Release */ = {
			isa = XCBuildConfiguration;
			buildSettings = {
				ASSETCATALOG_COMPILER_APPICON_NAME = AppIcon;
				CODE_SIGN_IDENTITY = "iPhone Developer";
				"CODE_SIGN_IDENTITY[sdk=iphoneos*]" = "iPhone Developer";
				FRAMEWORK_SEARCH_PATHS = (
					"$(inherited)",
					"$(PROJECT_DIR)",
				);
				INFOPLIST_FILE = Beacon/Info.plist;
				LD_RUNPATH_SEARCH_PATHS = "$(inherited) @executable_path/Frameworks";
				PRODUCT_NAME = "$(TARGET_NAME)";
				PROVISIONING_PROFILE = "";
			};
			name = Release;
		};
		D499C15619E08D6500FAB1A2 /* Debug */ = {
			isa = XCBuildConfiguration;
			buildSettings = {
				BUNDLE_LOADER = "$(TEST_HOST)";
				FRAMEWORK_SEARCH_PATHS = (
					"$(SDKROOT)/Developer/Library/Frameworks",
					"$(inherited)",
				);
				GCC_PREPROCESSOR_DEFINITIONS = (
					"DEBUG=1",
					"$(inherited)",
				);
				INFOPLIST_FILE = BeaconTests/Info.plist;
				LD_RUNPATH_SEARCH_PATHS = "$(inherited) @executable_path/Frameworks @loader_path/Frameworks";
				PRODUCT_NAME = "$(TARGET_NAME)";
				TEST_HOST = "$(BUILT_PRODUCTS_DIR)/Beacon.app/Beacon";
			};
			name = Debug;
		};
		D499C15719E08D6500FAB1A2 /* Release */ = {
			isa = XCBuildConfiguration;
			buildSettings = {
				BUNDLE_LOADER = "$(TEST_HOST)";
				FRAMEWORK_SEARCH_PATHS = (
					"$(SDKROOT)/Developer/Library/Frameworks",
					"$(inherited)",
				);
				INFOPLIST_FILE = BeaconTests/Info.plist;
				LD_RUNPATH_SEARCH_PATHS = "$(inherited) @executable_path/Frameworks @loader_path/Frameworks";
				PRODUCT_NAME = "$(TARGET_NAME)";
				TEST_HOST = "$(BUILT_PRODUCTS_DIR)/Beacon.app/Beacon";
			};
			name = Release;
		};
/* End XCBuildConfiguration section */

/* Begin XCConfigurationList section */
		D499C12A19E08D6500FAB1A2 /* Build configuration list for PBXProject "Beacon" */ = {
			isa = XCConfigurationList;
			buildConfigurations = (
				D499C15019E08D6500FAB1A2 /* Debug */,
				D499C15119E08D6500FAB1A2 /* Release */,
			);
			defaultConfigurationIsVisible = 0;
			defaultConfigurationName = Release;
		};
		D499C15219E08D6500FAB1A2 /* Build configuration list for PBXNativeTarget "Beacon" */ = {
			isa = XCConfigurationList;
			buildConfigurations = (
				D499C15319E08D6500FAB1A2 /* Debug */,
				D499C15419E08D6500FAB1A2 /* Release */,
			);
			defaultConfigurationIsVisible = 0;
			defaultConfigurationName = Release;
		};
		D499C15519E08D6500FAB1A2 /* Build configuration list for PBXNativeTarget "BeaconTests" */ = {
			isa = XCConfigurationList;
			buildConfigurations = (
				D499C15619E08D6500FAB1A2 /* Debug */,
				D499C15719E08D6500FAB1A2 /* Release */,
			);
			defaultConfigurationIsVisible = 0;
			defaultConfigurationName = Release;
		};
/* End XCConfigurationList section */
	};
	rootObject = D499C12719E08D6500FAB1A2 /* Project object */;
}
